<?xml version="1.0" encoding="utf-8"?>
<Project ToolsVersion="4.0" xmlns="http://schemas.microsoft.com/developer/msbuild/2003">
  <ItemGroup>
    <Filter Include="Source Files">
      <UniqueIdentifier>{4FC737F1-C7A5-4376-A066-2A32D752A2FF}</UniqueIdentifier>
      <Extensions>cpp;c;cc;cxx;def;odl;idl;hpj;bat;asm;asmx</Extensions>
    </Filter>
    <Filter Include="Header Files">
      <UniqueIdentifier>{93995380-89BD-4b04-88EB-625FBE52EBFB}</UniqueIdentifier>
      <Extensions>h;hpp;hxx;hm;inl;inc;xsd</Extensions>
    </Filter>
    <Filter Include="util">
      <UniqueIdentifier>{9b8f71ad-f118-48cd-8484-41530761894b}</UniqueIdentifier>
    </Filter>
  </ItemGroup>
  <ItemGroup>
    <None Include="ReadMe.txt" />
  </ItemGroup>
  <ItemGroup>
    <ClInclude Include="stdafx.h">
      <Filter>Header Files</Filter>
    </ClInclude>
    <ClInclude Include="targetver.h">
      <Filter>Header Files</Filter>
    </ClInclude>
    <ClInclude Include="JReader.h">
      <Filter>Header Files</Filter>
    </ClInclude>
    <ClInclude Include="JWriter.h">
      <Filter>Header Files</Filter>
    </ClInclude>
    <ClInclude Include="JAlign.h">
      <Filter>Header Files</Filter>
    </ClInclude>
    <ClInclude Include="JComment.h">
      <Filter>Header Files</Filter>
    </ClInclude>
    <ClInclude Include="JRegexs.h">
      <Filter>Header Files</Filter>
    </ClInclude>
    <ClInclude Include="JParseCmdArg.h">
      <Filter>Header Files</Filter>
    </ClInclude>
    <ClInclude Include="..\util\JUtilCommonPath.h">
      <Filter>util</Filter>
    </ClInclude>
    <ClInclude Include="JVersion.h">
      <Filter>Header Files</Filter>
    </ClInclude>
  </ItemGroup>
  <ItemGroup>
    <ClCompile Include="stdafx.cpp">
      <Filter>Source Files</Filter>
    </ClCompile>
    <ClCompile Include="jstructcompiler.cpp">
      <Filter>Source Files</Filter>
    </ClCompile>
    <ClCompile Include="JReader.cpp">
      <Filter>Source Files</Filter>
    </ClCompile>
    <ClCompile Include="JWriter.cpp">
      <Filter>Source Files</Filter>
    </ClCompile>
    <ClCompile Include="JAlign.cpp">
      <Filter>Source Files</Filter>
    </ClCompile>
    <ClCompile Include="JComment.cpp">
      <Filter>Source Files</Filter>
    </ClCompile>
    <ClCompile Include="JParseCmdArg.cpp">
      <Filter>Source Files</Filter>
    </ClCompile>
    <ClCompile Include="..\util\JUtilCommonPath.cpp">
      <Filter>util</Filter>
    </ClCompile>
    <ClCompile Include="JVersion.cpp">
      <Filter>Source Files</Filter>
    </ClCompile>
  </ItemGroup>
</Project>