<?xml version="1.0" encoding="utf-8"?>
<Project ToolsVersion="4.0" xmlns="http://schemas.microsoft.com/developer/msbuild/2003">
  <ItemGroup>
    <Filter Include="Source Files">
      <UniqueIdentifier>{4FC737F1-C7A5-4376-A066-2A32D752A2FF}</UniqueIdentifier>
      <Extensions>cpp;c;cc;cxx;def;odl;idl;hpj;bat;asm;asmx</Extensions>
    </Filter>
    <Filter Include="Header Files">
      <UniqueIdentifier>{93995380-89BD-4b04-88EB-625FBE52EBFB}</UniqueIdentifier>
      <Extensions>h;hpp;hxx;hm;inl;inc;xsd</Extensions>
    </Filter>
    <Filter Include="cjson">
      <UniqueIdentifier>{1f97ff12-7540-4bcd-8b7a-747e86ca551c}</UniqueIdentifier>
    </Filter>
    <Filter Include="inc">
      <UniqueIdentifier>{87ac1557-19a8-4ee7-980c-756fe9f0f8bc}</UniqueIdentifier>
    </Filter>
    <Filter Include="src">
      <UniqueIdentifier>{f1abd599-d79e-415c-ae74-62da4fa31f98}</UniqueIdentifier>
    </Filter>
    <Filter Include="json">
      <UniqueIdentifier>{f95491e6-45d2-4bed-a35d-66fa82a2ddc1}</UniqueIdentifier>
    </Filter>
    <Filter Include="util">
      <UniqueIdentifier>{4ad0a667-67ca-4005-aa35-4c9ccbfe24b7}</UniqueIdentifier>
    </Filter>
  </ItemGroup>
  <ItemGroup>
    <None Include="ReadMe.txt" />
    <None Include="debugconf.xml" />
  </ItemGroup>
  <ItemGroup>
    <ClInclude Include="stdafx.h">
      <Filter>Header Files</Filter>
    </ClInclude>
    <ClInclude Include="targetver.h">
      <Filter>Header Files</Filter>
    </ClInclude>
    <ClInclude Include="..\..\inc\jmacro.h">
      <Filter>inc</Filter>
    </ClInclude>
    <ClInclude Include="..\..\inc\jqualifier.h">
      <Filter>inc</Filter>
    </ClInclude>
    <ClInclude Include="..\..\inc\jstruct.h">
      <Filter>inc</Filter>
    </ClInclude>
    <ClInclude Include="..\..\inc\jstruct_base.h">
      <Filter>inc</Filter>
    </ClInclude>
    <ClInclude Include="..\..\cjson\cJSON.h">
      <Filter>cjson</Filter>
    </ClInclude>
    <ClInclude Include="jfield_info.h">
      <Filter>Header Files</Filter>
    </ClInclude>
    <ClInclude Include="..\..\json\allocator.h">
      <Filter>json</Filter>
    </ClInclude>
    <ClInclude Include="..\..\json\assertions.h">
      <Filter>json</Filter>
    </ClInclude>
    <ClInclude Include="..\..\json\config.h">
      <Filter>json</Filter>
    </ClInclude>
    <ClInclude Include="..\..\json\features.h">
      <Filter>json</Filter>
    </ClInclude>
    <ClInclude Include="..\..\json\forwards.h">
      <Filter>json</Filter>
    </ClInclude>
    <ClInclude Include="..\..\json\json.h">
      <Filter>json</Filter>
    </ClInclude>
    <ClInclude Include="..\..\json\reader.h">
      <Filter>json</Filter>
    </ClInclude>
    <ClInclude Include="..\..\json\value.h">
      <Filter>json</Filter>
    </ClInclude>
    <ClInclude Include="..\..\json\version.h">
      <Filter>json</Filter>
    </ClInclude>
    <ClInclude Include="..\..\json\writer.h">
      <Filter>json</Filter>
    </ClInclude>
    <ClInclude Include="..\..\util\jutil_common_path.h">
      <Filter>util</Filter>
    </ClInclude>
  </ItemGroup>
  <ItemGroup>
    <ClCompile Include="stdafx.cpp">
      <Filter>Source Files</Filter>
    </ClCompile>
    <ClCompile Include="..\..\src\jstruct_base.cpp">
      <Filter>src</Filter>
    </ClCompile>
    <ClCompile Include="..\..\cjson\cJSON.c">
      <Filter>cjson</Filter>
    </ClCompile>
    <ClCompile Include="..\..\util\jutil_common_path.cpp">
      <Filter>util</Filter>
    </ClCompile>
  </ItemGroup>
</Project>